
Microsoft Visual Studio Solution File, Format Version 12.00
# Visual Studio Version 16
VisualStudioVersion = 16.0.31515.178
MinimumVisualStudioVersion = 10.0.40219.1
Project("{2150E333-8FDC-42A3-9474-1A3956D46DE8}") = "FrontEnd", "FrontEnd", "{978A18E0-6F4F-4BC7-865B-5DFFB5462D76}"
EndProject
Project("{9A19103F-16F7-4668-BE54-9A1E7A4F7556}") = "Blitz.Web", "Blitz.Web\Blitz.Web.csproj", "{2F7E164A-2196-4F6C-80A1-797C9F226668}"
EndProject
Project("{2150E333-8FDC-42A3-9474-1A3956D46DE8}") = "Services", "Services", "{FCDDCD57-5870-4DCD-BAA4-BAF0EBF17639}"
EndProject
Project("{9A19103F-16F7-4668-BE54-9A1E7A4F7556}") = "Blitz.Services.ProductAPI", "Blitz.Services.ProductAPI\Blitz.Services.ProductAPI.csproj", "{6E8F952E-1CFB-401C-BB69-A858897D1F72}"
EndProject
Project("{9A19103F-16F7-4668-BE54-9A1E7A4F7556}") = "Blitz.Services.Identity", "Blitz.Services.Identity\Blitz.Services.Identity.csproj", "{A775E65C-5060-450A-8FF8-A95542ADB3CB}"
EndProject
Project("{9A19103F-16F7-4668-BE54-9A1E7A4F7556}") = "Blitz.Services.ShoppingCartAPI", "Blitz.Services.ShoppingCartAPI\Blitz.Services.ShoppingCartAPI.csproj", "{8D97B985-2AF1-4A89-AEC7-3D464CE00093}"
EndProject
Project("{9A19103F-16F7-4668-BE54-9A1E7A4F7556}") = "Blitz.Services.CouponAPI", "Blitz.Services.CouponAPI\Blitz.Services.CouponAPI.csproj", "{3E9E7559-5D38-4893-BFB3-59B3DC666F19}"
EndProject
Project("{2150E333-8FDC-42A3-9474-1A3956D46DE8}") = "Integrations", "Integrations", "{28A0F8E1-D596-4337-910B-45F0F4154C28}"
EndProject
Project("{9A19103F-16F7-4668-BE54-9A1E7A4F7556}") = "Blitz.MessageBus", "Blitz.MessageBus\Blitz.MessageBus.csproj", "{81ABF8AC-AA7C-4941-A75C-0B1440523455}"
EndProject
Project("{9A19103F-16F7-4668-BE54-9A1E7A4F7556}") = "Blitz.Services.OrderAPI", "Blitz.Services.OrderAPI\Blitz.Services.OrderAPI.csproj", "{CD0037AD-3CDE-4A05-B851-8A2332DE219A}"
EndProject
Project("{2150E333-8FDC-42A3-9474-1A3956D46DE8}") = "Payments", "Payments", "{D7BC2B55-9592-411C-9C9C-21B3230F6C76}"
EndProject
Project("{9A19103F-16F7-4668-BE54-9A1E7A4F7556}") = "PaymentProcessor", "PaymentProcessor\PaymentProcessor.csproj", "{A18FA42B-50EE-4991-AC42-B927693B2A36}"
EndProject
Project("{9A19103F-16F7-4668-BE54-9A1E7A4F7556}") = "Blitz.Services.PaymentAPI", "Blitz.Services.PaymentAPI\Blitz.Services.PaymentAPI.csproj", "{86393732-CA1E-4DDA-A51E-D8D94C47B41E}"
EndProject
Project("{9A19103F-16F7-4668-BE54-9A1E7A4F7556}") = "Blitz.Services.Email", "Blitz.Services.Email\Blitz.Services.Email.csproj", "{153B74DC-3FAD-4A33-93D5-6EFB41E0F74E}"
EndProject
Project("{2150E333-8FDC-42A3-9474-1A3956D46DE8}") = "Gateway", "Gateway", "{0780048C-523B-4580-9C7F-6488B09A538B}"
EndProject
Project("{FAE04EC0-301F-11D3-BF4B-00C04F79EFBC}") = "Blitz.GatewaySolution", "Blitz.GatewaySolution\Blitz.GatewaySolution.csproj", "{1BE90951-3C4D-4A62-BD8F-226FC15B0F76}"
EndProject
Global
	GlobalSection(SolutionConfigurationPlatforms) = preSolution
		Debug|Any CPU = Debug|Any CPU
		Release|Any CPU = Release|Any CPU
	EndGlobalSection
	GlobalSection(ProjectConfigurationPlatforms) = postSolution
		{2F7E164A-2196-4F6C-80A1-797C9F226668}.Debug|Any CPU.ActiveCfg = Debug|Any CPU
		{2F7E164A-2196-4F6C-80A1-797C9F226668}.Debug|Any CPU.Build.0 = Debug|Any CPU
		{2F7E164A-2196-4F6C-80A1-797C9F226668}.Release|Any CPU.ActiveCfg = Release|Any CPU
		{2F7E164A-2196-4F6C-80A1-797C9F226668}.Release|Any CPU.Build.0 = Release|Any CPU
		{6E8F952E-1CFB-401C-BB69-A858897D1F72}.Debug|Any CPU.ActiveCfg = Debug|Any CPU
		{6E8F952E-1CFB-401C-BB69-A858897D1F72}.Debug|Any CPU.Build.0 = Debug|Any CPU
		{6E8F952E-1CFB-401C-BB69-A858897D1F72}.Release|Any CPU.ActiveCfg = Release|Any CPU
		{6E8F952E-1CFB-401C-BB69-A858897D1F72}.Release|Any CPU.Build.0 = Release|Any CPU
		{A775E65C-5060-450A-8FF8-A95542ADB3CB}.Debug|Any CPU.ActiveCfg = Debug|Any CPU
		{A775E65C-5060-450A-8FF8-A95542ADB3CB}.Debug|Any CPU.Build.0 = Debug|Any CPU
		{A775E65C-5060-450A-8FF8-A95542ADB3CB}.Release|Any CPU.ActiveCfg = Release|Any CPU
		{A775E65C-5060-450A-8FF8-A95542ADB3CB}.Release|Any CPU.Build.0 = Release|Any CPU
		{8D97B985-2AF1-4A89-AEC7-3D464CE00093}.Debug|Any CPU.ActiveCfg = Debug|Any CPU
		{8D97B985-2AF1-4A89-AEC7-3D464CE00093}.Debug|Any CPU.Build.0 = Debug|Any CPU
		{8D97B985-2AF1-4A89-AEC7-3D464CE00093}.Release|Any CPU.ActiveCfg = Release|Any CPU
		{8D97B985-2AF1-4A89-AEC7-3D464CE00093}.Release|Any CPU.Build.0 = Release|Any CPU
		{3E9E7559-5D38-4893-BFB3-59B3DC666F19}.Debug|Any CPU.ActiveCfg = Debug|Any CPU
		{3E9E7559-5D38-4893-BFB3-59B3DC666F19}.Debug|Any CPU.Build.0 = Debug|Any CPU
		{3E9E7559-5D38-4893-BFB3-59B3DC666F19}.Release|Any CPU.ActiveCfg = Release|Any CPU
		{3E9E7559-5D38-4893-BFB3-59B3DC666F19}.Release|Any CPU.Build.0 = Release|Any CPU
		{81ABF8AC-AA7C-4941-A75C-0B1440523455}.Debug|Any CPU.ActiveCfg = Debug|Any CPU
		{81ABF8AC-AA7C-4941-A75C-0B1440523455}.Debug|Any CPU.Build.0 = Debug|Any CPU
		{81ABF8AC-AA7C-4941-A75C-0B1440523455}.Release|Any CPU.ActiveCfg = Release|Any CPU
		{81ABF8AC-AA7C-4941-A75C-0B1440523455}.Release|Any CPU.Build.0 = Release|Any CPU
		{CD0037AD-3CDE-4A05-B851-8A2332DE219A}.Debug|Any CPU.ActiveCfg = Debug|Any CPU
		{CD0037AD-3CDE-4A05-B851-8A2332DE219A}.Debug|Any CPU.Build.0 = Debug|Any CPU
		{CD0037AD-3CDE-4A05-B851-8A2332DE219A}.Release|Any CPU.ActiveCfg = Release|Any CPU
		{CD0037AD-3CDE-4A05-B851-8A2332DE219A}.Release|Any CPU.Build.0 = Release|Any CPU
		{A18FA42B-50EE-4991-AC42-B927693B2A36}.Debug|Any CPU.ActiveCfg = Debug|Any CPU
		{A18FA42B-50EE-4991-AC42-B927693B2A36}.Debug|Any CPU.Build.0 = Debug|Any CPU
		{A18FA42B-50EE-4991-AC42-B927693B2A36}.Release|Any CPU.ActiveCfg = Release|Any CPU
		{A18FA42B-50EE-4991-AC42-B927693B2A36}.Release|Any CPU.Build.0 = Release|Any CPU
		{86393732-CA1E-4DDA-A51E-D8D94C47B41E}.Debug|Any CPU.ActiveCfg = Debug|Any CPU
		{86393732-CA1E-4DDA-A51E-D8D94C47B41E}.Debug|Any CPU.Build.0 = Debug|Any CPU
		{86393732-CA1E-4DDA-A51E-D8D94C47B41E}.Release|Any CPU.ActiveCfg = Release|Any CPU
		{86393732-CA1E-4DDA-A51E-D8D94C47B41E}.Release|Any CPU.Build.0 = Release|Any CPU
		{153B74DC-3FAD-4A33-93D5-6EFB41E0F74E}.Debug|Any CPU.ActiveCfg = Debug|Any CPU
		{153B74DC-3FAD-4A33-93D5-6EFB41E0F74E}.Debug|Any CPU.Build.0 = Debug|Any CPU
		{153B74DC-3FAD-4A33-93D5-6EFB41E0F74E}.Release|Any CPU.ActiveCfg = Release|Any CPU
		{153B74DC-3FAD-4A33-93D5-6EFB41E0F74E}.Release|Any CPU.Build.0 = Release|Any CPU
		{1BE90951-3C4D-4A62-BD8F-226FC15B0F76}.Debug|Any CPU.ActiveCfg = Debug|Any CPU
		{1BE90951-3C4D-4A62-BD8F-226FC15B0F76}.Debug|Any CPU.Build.0 = Debug|Any CPU
		{1BE90951-3C4D-4A62-BD8F-226FC15B0F76}.Release|Any CPU.ActiveCfg = Release|Any CPU
		{1BE90951-3C4D-4A62-BD8F-226FC15B0F76}.Release|Any CPU.Build.0 = Release|Any CPU
	EndGlobalSection
	GlobalSection(SolutionProperties) = preSolution
		HideSolutionNode = FALSE
	EndGlobalSection
	GlobalSection(NestedProjects) = preSolution
		{2F7E164A-2196-4F6C-80A1-797C9F226668} = {978A18E0-6F4F-4BC7-865B-5DFFB5462D76}
		{6E8F952E-1CFB-401C-BB69-A858897D1F72} = {FCDDCD57-5870-4DCD-BAA4-BAF0EBF17639}
		{A775E65C-5060-450A-8FF8-A95542ADB3CB} = {FCDDCD57-5870-4DCD-BAA4-BAF0EBF17639}
		{8D97B985-2AF1-4A89-AEC7-3D464CE00093} = {FCDDCD57-5870-4DCD-BAA4-BAF0EBF17639}
		{3E9E7559-5D38-4893-BFB3-59B3DC666F19} = {FCDDCD57-5870-4DCD-BAA4-BAF0EBF17639}
		{81ABF8AC-AA7C-4941-A75C-0B1440523455} = {28A0F8E1-D596-4337-910B-45F0F4154C28}
		{CD0037AD-3CDE-4A05-B851-8A2332DE219A} = {FCDDCD57-5870-4DCD-BAA4-BAF0EBF17639}
		{D7BC2B55-9592-411C-9C9C-21B3230F6C76} = {28A0F8E1-D596-4337-910B-45F0F4154C28}
		{A18FA42B-50EE-4991-AC42-B927693B2A36} = {D7BC2B55-9592-411C-9C9C-21B3230F6C76}
		{86393732-CA1E-4DDA-A51E-D8D94C47B41E} = {FCDDCD57-5870-4DCD-BAA4-BAF0EBF17639}
		{153B74DC-3FAD-4A33-93D5-6EFB41E0F74E} = {FCDDCD57-5870-4DCD-BAA4-BAF0EBF17639}
		{1BE90951-3C4D-4A62-BD8F-226FC15B0F76} = {0780048C-523B-4580-9C7F-6488B09A538B}
	EndGlobalSection
	GlobalSection(ExtensibilityGlobals) = postSolution
		SolutionGuid = {EFDEE8E6-1B55-47ED-B458-47985A01FC4D}
	EndGlobalSection
EndGlobal
